
Microsoft Visual Studio Solution File, Format Version 12.00
# Visual Studio Version 17
VisualStudioVersion = 17.0.31903.59
MinimumVisualStudioVersion = 10.0.40219.1
Project("{FAE04EC0-301F-11D3-BF4B-00C04F79EFBC}") = "OnlineShopApp", "OnlineShopApp\OnlineShopApp.csproj", "{95B6FD06-A886-45E4-BE74-DA9A480526B0}"
EndProject
Project("{FAE04EC0-301F-11D3-BF4B-00C04F79EFBC}") = "ClassLibrary", "ClassLibrary\ClassLibrary.csproj", "{A6E020CE-5A74-4624-B233-A6E0A9862C8C}"
EndProject
Global
	GlobalSection(SolutionConfigurationPlatforms) = preSolution
		Debug|Any CPU = Debug|Any CPU
		Release|Any CPU = Release|Any CPU
	EndGlobalSection
	GlobalSection(SolutionProperties) = preSolution
		HideSolutionNode = FALSE
	EndGlobalSection
	GlobalSection(ProjectConfigurationPlatforms) = postSolution
		{95B6FD06-A886-45E4-BE74-DA9A480526B0}.Debug|Any CPU.ActiveCfg = Debug|Any CPU
		{95B6FD06-A886-45E4-BE74-DA9A480526B0}.Debug|Any CPU.Build.0 = Debug|Any CPU
		{95B6FD06-A886-45E4-BE74-DA9A480526B0}.Release|Any CPU.ActiveCfg = Release|Any CPU
		{95B6FD06-A886-45E4-BE74-DA9A480526B0}.Release|Any CPU.Build.0 = Release|Any CPU
		{A6E020CE-5A74-4624-B233-A6E0A9862C8C}.Debug|Any CPU.ActiveCfg = Debug|Any CPU
		{A6E020CE-5A74-4624-B233-A6E0A9862C8C}.Debug|Any CPU.Build.0 = Debug|Any CPU
		{A6E020CE-5A74-4624-B233-A6E0A9862C8C}.Release|Any CPU.ActiveCfg = Release|Any CPU
		{A6E020CE-5A74-4624-B233-A6E0A9862C8C}.Release|Any CPU.Build.0 = Release|Any CPU
	EndGlobalSection
EndGlobal
